
Microsoft Visual Studio Solution File, Format Version 12.00
# Visual Studio Version 17
VisualStudioVersion = 17.5.002.0
MinimumVisualStudioVersion = 10.0.40219.1
Project("{9A19103F-16F7-4668-BE54-9A1E7A4F7556}") = "BartSolutionsProject.API", "BartSolutionsProject.API.csproj", "{0F094105-7E10-46F6-BAD3-F30F7BA5E9D0}"
EndProject
Global
	GlobalSection(SolutionConfigurationPlatforms) = preSolution
		Debug|Any CPU = Debug|Any CPU
		Release|Any CPU = Release|Any CPU
	EndGlobalSection
	GlobalSection(ProjectConfigurationPlatforms) = postSolution
		{0F094105-7E10-46F6-BAD3-F30F7BA5E9D0}.Debug|Any CPU.ActiveCfg = Debug|Any CPU
		{0F094105-7E10-46F6-BAD3-F30F7BA5E9D0}.Debug|Any CPU.Build.0 = Debug|Any CPU
		{0F094105-7E10-46F6-BAD3-F30F7BA5E9D0}.Release|Any CPU.ActiveCfg = Release|Any CPU
		{0F094105-7E10-46F6-BAD3-F30F7BA5E9D0}.Release|Any CPU.Build.0 = Release|Any CPU
	EndGlobalSection
	GlobalSection(SolutionProperties) = preSolution
		HideSolutionNode = FALSE
	EndGlobalSection
	GlobalSection(ExtensibilityGlobals) = postSolution
		SolutionGuid = {11C87140-DAB7-4F9A-B83C-D59BF21B8836}
	EndGlobalSection
EndGlobal
